
Microsoft Visual Studio Solution File, Format Version 12.00
# Visual Studio Version 16
VisualStudioVersion = 16.0.29001.49
MinimumVisualStudioVersion = 10.0.40219.1
Project("{888888A0-9F3D-457C-B088-3A5042F75D52}") = "File Mover", "File Mover\File Mover.pyproj", "{0FE76D54-0032-4A12-A545-CD615D484F7B}"
EndProject
Global
	GlobalSection(SolutionConfigurationPlatforms) = preSolution
		Debug|Any CPU = Debug|Any CPU
		Release|Any CPU = Release|Any CPU
	EndGlobalSection
	GlobalSection(ProjectConfigurationPlatforms) = postSolution
		{0FE76D54-0032-4A12-A545-CD615D484F7B}.Debug|Any CPU.ActiveCfg = Debug|Any CPU
		{0FE76D54-0032-4A12-A545-CD615D484F7B}.Release|Any CPU.ActiveCfg = Release|Any CPU
	EndGlobalSection
	GlobalSection(SolutionProperties) = preSolution
		HideSolutionNode = FALSE
	EndGlobalSection
	GlobalSection(ExtensibilityGlobals) = postSolution
		SolutionGuid = {1106CFFB-027C-4CF5-B1D5-737DDCD76214}
	EndGlobalSection
EndGlobal
